{
  "version": 1,
  "writtenAt": "2026-06-23T09:56:12.8748644Z",
  "standardVersion": "v1.18.1",
  "files": {
    ".editorconfig": "173392d33238156622cdc07b0b9dc1a8bc5ba46930835ba3b43aa072aafb8b09",
    ".gitattributes": "36905207547a90ec62440f60dfba5d9da86f2cb3d21a4b3b8dce39f877c54037",
    ".github/CODEOWNERS": "14c5d7c9ae13c43920ddc2969f831932de454e8e2c86dca6e489a6b4ba3aa172",
    ".github/dependabot.yml": "4d3ec592e463bf69d19f8a20da01941848e44be4b4be7721b53aa99a613b823b",
    ".github/ISSUE_TEMPLATE/bug.yml": "31ad45be6b012d04d82d1bd710d1a95cf9082ce17769ff294aa4f2d7825edc65",
    ".github/ISSUE_TEMPLATE/chore.yml": "47a257aa129dca8d1550ed3acff2156a326ecb393cd2f49bbaa86238d4294197",
    ".github/ISSUE_TEMPLATE/feature.yml": "bbc7e101e43fc1bff6c0b84360bea366235c77b99f437c82fb483147aec778bc",
    ".github/PULL_REQUEST_TEMPLATE.md": "0b40dba389c76a56f9b2b2dac9cee203c8672b2e0aaa9dc3bc646f42f73cfd35",
    ".github/workflows/ci.yml": "679e4fd2c9322db29d4d2ea8b944fd38e4f87e5d2dc8c7cdf432c8c9e5f0133c",
    ".github/workflows/mirror-bitbucket.yml": "1415259dc88be46307d5605a5d6332bfb68f55f568432863ed3575225b9a4898",
    ".github/workflows/release.yml": "9f234f15d82ae690700508ccba67b0c3c254cd7aa51143141eb021289354dacf",
    ".gitignore": "d9470706911ba7b80180a0da4509b1e07445f30bd4713a53ae03700368264996",
    ".vscode/extensions.json": "596315c2fed87a4a7caedf39ffe8de88c7ee85acb68264fce991ee76e7f46755",
    "BannedSymbols.txt": "0179257c8e36fe849785db294d5b00181125d17b2ac9769d68331e232fba6b35",
    "bitbucket-pipelines.yml": "06e6e02315fe5f1fb88e60da0c8a2c16ce81a10a255c7a2011913f5d26c1512d",
    "CHANGELOG.md": "36c396fe1b82e00b15391275785b25d72ed5a5211c315c56dc57551545eed9aa",
    "CLAUDE.md": "664b69fca6fc695503db558671536f22d5a4f78a1cb6a3e00ef4d50347137619",
    "Directory.Build.props": "d379144d4c6516aae26fbeaa25317225f81c5615ebc93660f60e3ff28716501f",
    "Directory.Packages.props": "98af6fb777412350d5b90448d694935e6468b97e8dbb661d543177c7352bda4a",
    "docs/README_TEMPLATE.md": "172827d08c93b2e54bbc5e6d526fc0892d2858680aa49df70a95bee890589ad1",
    "docs/STANDARD_TEMPLATE.md": "9cab43948ecff6a02f9ca9a0ea978625cbfb468d2d797dc21cbde21786265c1f",
    "docs/Standards/APP_DATA.md": "d2811fc7d3546ab496c3ec0eb4842b44e65fc04fd0166494771778bad69868af",
    "docs/Standards/APP_SHELL.md": "5c47b17a1b84bf01704eea4c7a09c835b5714675db4d91c0555284db49854225",
    "docs/Standards/BUILD_CONFIG.md": "3030df41993b22fe51ed4c035d8cdf21e61e279c0f83d6c221d86aa6d6ec468a",
    "docs/Standards/CANCELLATION.md": "44b900e1954143a9d2f583b8fafc04b9becd0d05f884d6cee2dfae7fdff0363f",
    "docs/Standards/CI.md": "ec5ca13cc584a454240ec98ab377a22d8b2cde24ee86d466f2afc079f0c1d04a",
    "docs/Standards/CLIENT_REGISTRATION.md": "7505fcefcead1061eac5933c3ee0b79a6bba2b0eb25637b8f7e25cecacb112e1",
    "docs/Standards/COMMENTS.md": "0852ad8505cba67076140def9298cb12b542dfd0eb900f7974637b49faee68c0",
    "docs/Standards/CONFIGURATION.md": "7a2a66adc5e87cd673805cba158cbc6e90026a758a6c931858af80a03c327d79",
    "docs/Standards/DESIGN_SYSTEM.md": "848a8b0b936d5832de647c2726cb5df75e4b3b14efa140545bf907bda6cc5c60",
    "docs/Standards/ERROR_HANDLING.md": "5d21b2ea2215517083278e713c7c70255c27839c42c2ccdcbaf8fc5e83b2e51c",
    "docs/Standards/EVENTARGS.md": "e6a4b802ae36afca4d862d4a768a016f09d94dd9fa7eca67bcbc9ff4dde0d94f",
    "docs/Standards/GUI.md": "021d09dec5a8281a8d4446ca5e7d50ae2c5e722c289ce12d42a136e95c25c61f",
    "docs/Standards/LANGUAGE.md": "f9fd0fee1fdb102950e9f96d33d78a7b540171e2b624ae76feeb37f34040cd45",
    "docs/Standards/LOGGING.md": "6e7e0b4007fb6de56fe66fae15ce014810b8862a963e66a989122bc632ff4ea0",
    "docs/Standards/MIGRATION.md": "343cbc11d2fafa216d3cb4c7d0441243f2bc00cb3e8e5147a7e834e578885e98",
    "docs/Standards/MODULE_SEPARATION.md": "9387a045aab8979dce7e1f902f17f47b51d9a469429fbf35c04bccfc86e548ec",
    "docs/Standards/PORTABILITY.md": "1f6eecf68238bee0219399ec55fe8e7c23d9f3825c14a2d1d6e6de20c5e6f255",
    "docs/Standards/README.md": "5b39a173399df896d68c15b62e4ca699e457b728838702f0e46112b93ae6d218",
    "docs/Standards/REPO_STRUCTURE.md": "31bec5f1646bc8f4cc6bdc8637309f7aec54d191dbd9473856075251534e3fdf",
    "docs/Standards/TESTING.md": "b9ff737293184ca1f0091288f7435121a5738a290bdfda9d469a4500b2e6b4ff",
    "docs/Standards/THREAD_SAFETY.md": "2269e80a0902c022e9bcc884865f1566a86f7b7ff0a1b0268a6d32d029cc21df",
    "docs/Standards/VISIBILITY.md": "b0dd3b7eaa8d3ee308b4635de3fa2cf2b618efefc2db2960817d6fa91e20a3a5",
    "eng/install-hooks.ps1": "ebd86aae2abbbca3065eef2708d9b7d7fd3b1ac822a7a11f4daa28bfab9783fd",
    "eng/install-hooks.sh": "1baeaf600b3e092113b937d9ce81c23e818984e14ebcb0e92ee40b984784bcd6",
    "global.json": "20c93ca7812d0a9825eef71217156f95ab2f4fe5aadfeb22ebc1c24b630018d3",
    "LICENSE": "5f2a7975484c4ac7197a7948a0f0057513e2c9cc327b31a61557418acf9fa353",
    "README.md": "9162a8ca8fd46c14207ab3b86e70bc88630b23ee289034aa7910c55d6f0f1543"
  }
}